
Microsoft Visual Studio Solution File, Format Version 12.00
# Visual Studio 15
VisualStudioVersion = 15.0.26124.0
MinimumVisualStudioVersion = 15.0.26124.0
Project("{FAE04EC0-301F-11D3-BF4B-00C04F79EFBC}") = "Domain", "Domain\Domain.csproj", "{0A626163-BCE0-4779-ADC6-1111D9E64FC8}"
EndProject
Project("{FAE04EC0-301F-11D3-BF4B-00C04F79EFBC}") = "Application", "Application\Application.csproj", "{9F186933-7619-47DC-BB1D-1E875FD5E4BB}"
EndProject
Project("{FAE04EC0-301F-11D3-BF4B-00C04F79EFBC}") = "Persistence", "Persistence\Persistence.csproj", "{D3CFA091-672F-40C2-8C04-C7385CDBB33F}"
EndProject
Project("{FAE04EC0-301F-11D3-BF4B-00C04F79EFBC}") = "API", "API\API.csproj", "{59D7792F-F403-4965-AAA5-4A6B5FB0CDA9}"
EndProject
Global
	GlobalSection(SolutionConfigurationPlatforms) = preSolution
		Debug|Any CPU = Debug|Any CPU
		Debug|x64 = Debug|x64
		Debug|x86 = Debug|x86
		Release|Any CPU = Release|Any CPU
		Release|x64 = Release|x64
		Release|x86 = Release|x86
	EndGlobalSection
	GlobalSection(SolutionProperties) = preSolution
		HideSolutionNode = FALSE
	EndGlobalSection
	GlobalSection(ProjectConfigurationPlatforms) = postSolution
		{0A626163-BCE0-4779-ADC6-1111D9E64FC8}.Debug|Any CPU.ActiveCfg = Debug|Any CPU
		{0A626163-BCE0-4779-ADC6-1111D9E64FC8}.Debug|Any CPU.Build.0 = Debug|Any CPU
		{0A626163-BCE0-4779-ADC6-1111D9E64FC8}.Debug|x64.ActiveCfg = Debug|Any CPU
		{0A626163-BCE0-4779-ADC6-1111D9E64FC8}.Debug|x64.Build.0 = Debug|Any CPU
		{0A626163-BCE0-4779-ADC6-1111D9E64FC8}.Debug|x86.ActiveCfg = Debug|Any CPU
		{0A626163-BCE0-4779-ADC6-1111D9E64FC8}.Debug|x86.Build.0 = Debug|Any CPU
		{0A626163-BCE0-4779-ADC6-1111D9E64FC8}.Release|Any CPU.ActiveCfg = Release|Any CPU
		{0A626163-BCE0-4779-ADC6-1111D9E64FC8}.Release|Any CPU.Build.0 = Release|Any CPU
		{0A626163-BCE0-4779-ADC6-1111D9E64FC8}.Release|x64.ActiveCfg = Release|Any CPU
		{0A626163-BCE0-4779-ADC6-1111D9E64FC8}.Release|x64.Build.0 = Release|Any CPU
		{0A626163-BCE0-4779-ADC6-1111D9E64FC8}.Release|x86.ActiveCfg = Release|Any CPU
		{0A626163-BCE0-4779-ADC6-1111D9E64FC8}.Release|x86.Build.0 = Release|Any CPU
		{9F186933-7619-47DC-BB1D-1E875FD5E4BB}.Debug|Any CPU.ActiveCfg = Debug|Any CPU
		{9F186933-7619-47DC-BB1D-1E875FD5E4BB}.Debug|Any CPU.Build.0 = Debug|Any CPU
		{9F186933-7619-47DC-BB1D-1E875FD5E4BB}.Debug|x64.ActiveCfg = Debug|Any CPU
		{9F186933-7619-47DC-BB1D-1E875FD5E4BB}.Debug|x64.Build.0 = Debug|Any CPU
		{9F186933-7619-47DC-BB1D-1E875FD5E4BB}.Debug|x86.ActiveCfg = Debug|Any CPU
		{9F186933-7619-47DC-BB1D-1E875FD5E4BB}.Debug|x86.Build.0 = Debug|Any CPU
		{9F186933-7619-47DC-BB1D-1E875FD5E4BB}.Release|Any CPU.ActiveCfg = Release|Any CPU
		{9F186933-7619-47DC-BB1D-1E875FD5E4BB}.Release|Any CPU.Build.0 = Release|Any CPU
		{9F186933-7619-47DC-BB1D-1E875FD5E4BB}.Release|x64.ActiveCfg = Release|Any CPU
		{9F186933-7619-47DC-BB1D-1E875FD5E4BB}.Release|x64.Build.0 = Release|Any CPU
		{9F186933-7619-47DC-BB1D-1E875FD5E4BB}.Release|x86.ActiveCfg = Release|Any CPU
		{9F186933-7619-47DC-BB1D-1E875FD5E4BB}.Release|x86.Build.0 = Release|Any CPU
		{D3CFA091-672F-40C2-8C04-C7385CDBB33F}.Debug|Any CPU.ActiveCfg = Debug|Any CPU
		{D3CFA091-672F-40C2-8C04-C7385CDBB33F}.Debug|Any CPU.Build.0 = Debug|Any CPU
		{D3CFA091-672F-40C2-8C04-C7385CDBB33F}.Debug|x64.ActiveCfg = Debug|Any CPU
		{D3CFA091-672F-40C2-8C04-C7385CDBB33F}.Debug|x64.Build.0 = Debug|Any CPU
		{D3CFA091-672F-40C2-8C04-C7385CDBB33F}.Debug|x86.ActiveCfg = Debug|Any CPU
		{D3CFA091-672F-40C2-8C04-C7385CDBB33F}.Debug|x86.Build.0 = Debug|Any CPU
		{D3CFA091-672F-40C2-8C04-C7385CDBB33F}.Release|Any CPU.ActiveCfg = Release|Any CPU
		{D3CFA091-672F-40C2-8C04-C7385CDBB33F}.Release|Any CPU.Build.0 = Release|Any CPU
		{D3CFA091-672F-40C2-8C04-C7385CDBB33F}.Release|x64.ActiveCfg = Release|Any CPU
		{D3CFA091-672F-40C2-8C04-C7385CDBB33F}.Release|x64.Build.0 = Release|Any CPU
		{D3CFA091-672F-40C2-8C04-C7385CDBB33F}.Release|x86.ActiveCfg = Release|Any CPU
		{D3CFA091-672F-40C2-8C04-C7385CDBB33F}.Release|x86.Build.0 = Release|Any CPU
		{59D7792F-F403-4965-AAA5-4A6B5FB0CDA9}.Debug|Any CPU.ActiveCfg = Debug|Any CPU
		{59D7792F-F403-4965-AAA5-4A6B5FB0CDA9}.Debug|Any CPU.Build.0 = Debug|Any CPU
		{59D7792F-F403-4965-AAA5-4A6B5FB0CDA9}.Debug|x64.ActiveCfg = Debug|Any CPU
		{59D7792F-F403-4965-AAA5-4A6B5FB0CDA9}.Debug|x64.Build.0 = Debug|Any CPU
		{59D7792F-F403-4965-AAA5-4A6B5FB0CDA9}.Debug|x86.ActiveCfg = Debug|Any CPU
		{59D7792F-F403-4965-AAA5-4A6B5FB0CDA9}.Debug|x86.Build.0 = Debug|Any CPU
		{59D7792F-F403-4965-AAA5-4A6B5FB0CDA9}.Release|Any CPU.ActiveCfg = Release|Any CPU
		{59D7792F-F403-4965-AAA5-4A6B5FB0CDA9}.Release|Any CPU.Build.0 = Release|Any CPU
		{59D7792F-F403-4965-AAA5-4A6B5FB0CDA9}.Release|x64.ActiveCfg = Release|Any CPU
		{59D7792F-F403-4965-AAA5-4A6B5FB0CDA9}.Release|x64.Build.0 = Release|Any CPU
		{59D7792F-F403-4965-AAA5-4A6B5FB0CDA9}.Release|x86.ActiveCfg = Release|Any CPU
		{59D7792F-F403-4965-AAA5-4A6B5FB0CDA9}.Release|x86.Build.0 = Release|Any CPU
	EndGlobalSection
EndGlobal
